# THIS IS AN AUTOGENERATED FILE. DO NOT EDIT THIS FILE DIRECTLY.
# yarn lockfile v1


"@babel/parser@^7.16.4":
  version "7.17.0"
  resolved "https://registry.npmmirror.com/@babel/parser/-/parser-7.17.0.tgz"
  integrity sha512-VKXSCQx5D8S04ej+Dqsr1CzYvvWgf20jIw2D+YhQCrIlr2UZGaDds23Y0xg75/skOxpLCRpUZvk/1EAVkGoDOw==

"@vitejs/plugin-vue@^2.2.0":
  version "2.2.0"
  resolved "https://registry.npmmirror.com/@vitejs/plugin-vue/-/plugin-vue-2.2.0.tgz"
  integrity sha512-wXigM1EwN2G7rZcwG6kLk9ivvIMhx2363tCEvMBiXcTu5nePM/12hUPVzPb83Uugt6U+zom1gTpJopi/Ow/jwg==

"@vue/compiler-core@3.2.31":
  version "3.2.31"
  resolved "https://registry.npmmirror.com/@vue/compiler-core/-/compiler-core-3.2.31.tgz"
  integrity sha512-aKno00qoA4o+V/kR6i/pE+aP+esng5siNAVQ422TkBNM6qA4veXiZbSe8OTXHXquEi/f6Akc+nLfB4JGfe4/WQ==
  dependencies:
    "@babel/parser" "^7.16.4"
    "@vue/shared" "3.2.31"
    estree-walker "^2.0.2"
    source-map "^0.6.1"

"@vue/compiler-dom@3.2.31":
  version "3.2.31"
  resolved "https://registry.npmmirror.com/@vue/compiler-dom/-/compiler-dom-3.2.31.tgz"
  integrity sha512-60zIlFfzIDf3u91cqfqy9KhCKIJgPeqxgveH2L+87RcGU/alT6BRrk5JtUso0OibH3O7NXuNOQ0cDc9beT0wrg==
  dependencies:
    "@vue/compiler-core" "3.2.31"
    "@vue/shared" "3.2.31"

"@vue/compiler-sfc@3.2.31":
  version "3.2.31"
  resolved "https://registry.npmmirror.com/@vue/compiler-sfc/-/compiler-sfc-3.2.31.tgz"
  integrity sha512-748adc9msSPGzXgibHiO6T7RWgfnDcVQD+VVwYgSsyyY8Ans64tALHZANrKtOzvkwznV/F4H7OAod/jIlp/dkQ==
  dependencies:
    "@babel/parser" "^7.16.4"
    "@vue/compiler-core" "3.2.31"
    "@vue/compiler-dom" "3.2.31"
    "@vue/compiler-ssr" "3.2.31"
    "@vue/reactivity-transform" "3.2.31"
    "@vue/shared" "3.2.31"
    estree-walker "^2.0.2"
    magic-string "^0.25.7"
    postcss "^8.1.10"
    source-map "^0.6.1"

"@vue/compiler-ssr@3.2.31":
  version "3.2.31"
  resolved "https://registry.npmmirror.com/@vue/compiler-ssr/-/compiler-ssr-3.2.31.tgz"
  integrity sha512-mjN0rqig+A8TVDnsGPYJM5dpbjlXeHUm2oZHZwGyMYiGT/F4fhJf/cXy8QpjnLQK4Y9Et4GWzHn9PS8AHUnSkw==
  dependencies:
    "@vue/compiler-dom" "3.2.31"
    "@vue/shared" "3.2.31"

"@vue/devtools-api@^6.0.0-beta.18":
  version "6.0.8"
  resolved "https://registry.npmmirror.com/@vue/devtools-api/-/devtools-api-6.0.8.tgz"
  integrity sha512-bzei608bPVQE2yq9Ghrjn/dnpf27mWfrr0q0ZQiuZoO3LQqFG0T1xSGz+9vw1j9KAZM2Cu9vdQMkddDxqzZGNg==

"@vue/reactivity-transform@3.2.31":
  version "3.2.31"
  resolved "https://registry.npmmirror.com/@vue/reactivity-transform/-/reactivity-transform-3.2.31.tgz"
  integrity sha512-uS4l4z/W7wXdI+Va5pgVxBJ345wyGFKvpPYtdSgvfJfX/x2Ymm6ophQlXXB6acqGHtXuBqNyyO3zVp9b1r0MOA==
  dependencies:
    "@babel/parser" "^7.16.4"
    "@vue/compiler-core" "3.2.31"
    "@vue/shared" "3.2.31"
    estree-walker "^2.0.2"
    magic-string "^0.25.7"

"@vue/reactivity@3.2.31":
  version "3.2.31"
  resolved "https://registry.npmmirror.com/@vue/reactivity/-/reactivity-3.2.31.tgz"
  integrity sha512-HVr0l211gbhpEKYr2hYe7hRsV91uIVGFYNHj73njbARVGHQvIojkImKMaZNDdoDZOIkMsBc9a1sMqR+WZwfSCw==
  dependencies:
    "@vue/shared" "3.2.31"

"@vue/runtime-core@3.2.31":
  version "3.2.31"
  resolved "https://registry.npmmirror.com/@vue/runtime-core/-/runtime-core-3.2.31.tgz"
  integrity sha512-Kcog5XmSY7VHFEMuk4+Gap8gUssYMZ2+w+cmGI6OpZWYOEIcbE0TPzzPHi+8XTzAgx1w/ZxDFcXhZeXN5eKWsA==
  dependencies:
    "@vue/reactivity" "3.2.31"
    "@vue/shared" "3.2.31"

"@vue/runtime-dom@3.2.31":
  version "3.2.31"
  resolved "https://registry.npmmirror.com/@vue/runtime-dom/-/runtime-dom-3.2.31.tgz"
  integrity sha512-N+o0sICVLScUjfLG7u9u5XCjvmsexAiPt17GNnaWHJUfsKed5e85/A3SWgKxzlxx2SW/Hw7RQxzxbXez9PtY3g==
  dependencies:
    "@vue/runtime-core" "3.2.31"
    "@vue/shared" "3.2.31"
    csstype "^2.6.8"

"@vue/server-renderer@3.2.31":
  version "3.2.31"
  resolved "https://registry.npmmirror.com/@vue/server-renderer/-/server-renderer-3.2.31.tgz"
  integrity sha512-8CN3Zj2HyR2LQQBHZ61HexF5NReqngLT3oahyiVRfSSvak+oAvVmu8iNLSu6XR77Ili2AOpnAt1y8ywjjqtmkg==
  dependencies:
    "@vue/compiler-ssr" "3.2.31"
    "@vue/shared" "3.2.31"

"@vue/shared@3.2.31":
  version "3.2.31"
  resolved "https://registry.npmmirror.com/@vue/shared/-/shared-3.2.31.tgz"
  integrity sha512-ymN2pj6zEjiKJZbrf98UM2pfDd6F2H7ksKw7NDt/ZZ1fh5Ei39X5tABugtT03ZRlWd9imccoK0hE8hpjpU7irQ==

axios@^0.25.0:
  version "0.25.0"
  resolved "https://registry.npmmirror.com/axios/-/axios-0.25.0.tgz"
  integrity sha512-cD8FOb0tRH3uuEe6+evtAbgJtfxr7ly3fQjYcMcuPlgkwVS9xboaVIpcDV+cYQe+yGykgwZCs1pzjntcGa6l5g==
  dependencies:
    follow-redirects "^1.14.7"

commander@*:
  version "9.0.0"
  resolved "https://registry.npmmirror.com/commander/-/commander-9.0.0.tgz"
  integrity sha512-JJfP2saEKbQqvW+FI93OYUB4ByV5cizMpFMiiJI8xDbBvQvSkIk0VvQdn1CZ8mqAO8Loq2h0gYTYtDFUZUeERw==

csstype@^2.6.8:
  version "2.6.19"
  resolved "https://registry.npmmirror.com/csstype/-/csstype-2.6.19.tgz"
  integrity sha512-ZVxXaNy28/k3kJg0Fou5MiYpp88j7H9hLZp8PDC3jV0WFjfH5E9xHb56L0W59cPbKbcHXeP4qyT8PrHp8t6LcQ==

esbuild-windows-64@0.14.21:
  version "0.14.21"
  resolved "https://registry.npmmirror.com/esbuild-windows-64/-/esbuild-windows-64-0.14.21.tgz"
  integrity sha512-kDgHjKOHwjfJDCyRGELzVxiP/RBJBTA+wyspf78MTTJQkyPuxH2vChReNdWc+dU2S4gIZFHMdP1Qrl/k22ZmaA==

esbuild@^0.14.14:
  version "0.14.21"
  resolved "https://registry.npmmirror.com/esbuild/-/esbuild-0.14.21.tgz"
  integrity sha512-7WEoNMBJdLN993dr9h0CpFHPRc3yFZD+EAVY9lg6syJJ12gc5fHq8d75QRExuhnMkT2DaRiIKFThRvDWP+fO+A==
  optionalDependencies:
    esbuild-android-arm64 "0.14.21"
    esbuild-darwin-64 "0.14.21"
    esbuild-darwin-arm64 "0.14.21"
    esbuild-freebsd-64 "0.14.21"
    esbuild-freebsd-arm64 "0.14.21"
    esbuild-linux-32 "0.14.21"
    esbuild-linux-64 "0.14.21"
    esbuild-linux-arm "0.14.21"
    esbuild-linux-arm64 "0.14.21"
    esbuild-linux-mips64le "0.14.21"
    esbuild-linux-ppc64le "0.14.21"
    esbuild-linux-riscv64 "0.14.21"
    esbuild-linux-s390x "0.14.21"
    esbuild-netbsd-64 "0.14.21"
    esbuild-openbsd-64 "0.14.21"
    esbuild-sunos-64 "0.14.21"
    esbuild-windows-32 "0.14.21"
    esbuild-windows-64 "0.14.21"
    esbuild-windows-arm64 "0.14.21"

estree-walker@^2.0.2:
  version "2.0.2"
  resolved "https://registry.npmmirror.com/estree-walker/-/estree-walker-2.0.2.tgz"
  integrity sha512-Rfkk/Mp/DL7JVje3u18FxFujQlTNR2q6QfMSMB7AvCBx91NGj/ba3kCfza0f6dVDbw7YlRf/nDrn7pQrCCyQ/w==

follow-redirects@^1.14.7:
  version "1.14.8"
  resolved "https://registry.npmmirror.com/follow-redirects/-/follow-redirects-1.14.8.tgz"
  integrity sha512-1x0S9UVJHsQprFcEC/qnNzBLcIxsjAV905f/UkQxbclCsoTWlacCNOpQa/anodLl2uaEKFhfWOvM2Qg77+15zA==

function-bind@^1.1.1:
  version "1.1.1"
  resolved "https://registry.npmmirror.com/function-bind/-/function-bind-1.1.1.tgz"
  integrity sha512-yIovAzMX49sF8Yl58fSCWJ5svSLuaibPxXQJFLmBObTuCr0Mf1KiPopGM9NiFjiYBCbfaa2Fh6breQ6ANVTI0A==

has@^1.0.3:
  version "1.0.3"
  resolved "https://registry.npmmirror.com/has/-/has-1.0.3.tgz"
  integrity sha512-f2dvO0VU6Oej7RkWJGrehjbzMAjFp5/VKPp5tTpWIV4JHHZK1/BxbFRtf/siA2SWTe09caDmVtYYzWEIbBS4zw==
  dependencies:
    function-bind "^1.1.1"

is-core-module@^2.8.1:
  version "2.8.1"
  resolved "https://registry.npmmirror.com/is-core-module/-/is-core-module-2.8.1.tgz"
  integrity sha512-SdNCUs284hr40hFTFP6l0IfZ/RSrMXF3qgoRHd3/79unUTvrFO/JoXwkGm+5J/Oe3E/b5GsnG330uUNgRpu1PA==
  dependencies:
    has "^1.0.3"

magic-string@^0.25.7:
  version "0.25.7"
  resolved "https://registry.npmmirror.com/magic-string/-/magic-string-0.25.7.tgz"
  integrity sha512-4CrMT5DOHTDk4HYDlzmwu4FVCcIYI8gauveasrdCu2IKIFOJ3f0v/8MDGJCDL9oD2ppz/Av1b0Nj345H9M+XIA==
  dependencies:
    sourcemap-codec "^1.4.4"

mockjs@^1.1.0:
  version "1.1.0"
  resolved "https://registry.npmmirror.com/mockjs/-/mockjs-1.1.0.tgz"
  integrity sha512-eQsKcWzIaZzEZ07NuEyO4Nw65g0hdWAyurVol1IPl1gahRwY+svqzfgfey8U8dahLwG44d6/RwEzuK52rSa/JQ==
  dependencies:
    commander "*"

nanoid@^3.2.0:
  version "3.2.0"
  resolved "https://registry.npmmirror.com/nanoid/-/nanoid-3.2.0.tgz"
  integrity sha512-fmsZYa9lpn69Ad5eDn7FMcnnSR+8R34W9qJEijxYhTbfOWzr22n1QxCMzXLK+ODyW2973V3Fux959iQoUxzUIA==

path-parse@^1.0.7:
  version "1.0.7"
  resolved "https://registry.npmmirror.com/path-parse/-/path-parse-1.0.7.tgz"
  integrity sha512-LDJzPVEEEPR+y48z93A0Ed0yXb8pAByGWo/k5YYdYgpY2/2EsOsksJrq7lOHxryrVOn1ejG6oAp8ahvOIQD8sw==

picocolors@^1.0.0:
  version "1.0.0"
  resolved "https://registry.npmmirror.com/picocolors/-/picocolors-1.0.0.tgz"
  integrity sha512-1fygroTLlHu66zi26VoTDv8yRgm0Fccecssto+MhsZ0D/DGW2sm8E8AjW7NU5VVTRt5GxbeZ5qBuJr+HyLYkjQ==

postcss@^8.1.10, postcss@^8.4.6:
  version "8.4.6"
  resolved "https://registry.npmmirror.com/postcss/-/postcss-8.4.6.tgz"
  integrity sha512-OovjwIzs9Te46vlEx7+uXB0PLijpwjXGKXjVGGPIGubGpq7uh5Xgf6D6FiJ/SzJMBosHDp6a2hiXOS97iBXcaA==
  dependencies:
    nanoid "^3.2.0"
    picocolors "^1.0.0"
    source-map-js "^1.0.2"

resolve@^1.22.0:
  version "1.22.0"
  resolved "https://registry.npmmirror.com/resolve/-/resolve-1.22.0.tgz"
  integrity sha512-Hhtrw0nLeSrFQ7phPp4OOcVjLPIeMnRlr5mcnVuMe7M/7eBn98A3hmFRLoFo3DLZkivSYwhRUJTyPyWAk56WLw==
  dependencies:
    is-core-module "^2.8.1"
    path-parse "^1.0.7"
    supports-preserve-symlinks-flag "^1.0.0"

rollup@^2.59.0:
  version "2.67.2"
  resolved "https://registry.npmmirror.com/rollup/-/rollup-2.67.2.tgz"
  integrity sha512-hoEiBWwZtf1QdK3jZIq59L0FJj4Fiv4RplCO4pvCRC86qsoFurWB4hKQIjoRf3WvJmk5UZ9b0y5ton+62fC7Tw==
  optionalDependencies:
    fsevents "~2.3.2"

source-map-js@^1.0.2:
  version "1.0.2"
  resolved "https://registry.npmmirror.com/source-map-js/-/source-map-js-1.0.2.tgz"
  integrity sha512-R0XvVJ9WusLiqTCEiGCmICCMplcCkIwwR11mOSD9CR5u+IXYdiseeEuXCVAjS54zqwkLcPNnmU4OeJ6tUrWhDw==

source-map@^0.6.1:
  version "0.6.1"
  resolved "https://registry.npmmirror.com/source-map/-/source-map-0.6.1.tgz"
  integrity sha512-UjgapumWlbMhkBgzT7Ykc5YXUT46F0iKu8SGXq0bcwP5dz/h0Plj6enJqjz1Zbq2l5WaqYnrVbwWOWMyF3F47g==

sourcemap-codec@^1.4.4:
  version "1.4.8"
  resolved "https://registry.npmmirror.com/sourcemap-codec/-/sourcemap-codec-1.4.8.tgz"
  integrity sha512-9NykojV5Uih4lgo5So5dtw+f0JgJX30KCNI8gwhz2J9A15wD0Ml6tjHKwf6fTSa6fAdVBdZeNOs9eJ71qCk8vA==

supports-preserve-symlinks-flag@^1.0.0:
  version "1.0.0"
  resolved "https://registry.npmmirror.com/supports-preserve-symlinks-flag/-/supports-preserve-symlinks-flag-1.0.0.tgz"
  integrity sha512-ot0WnXS9fgdkgIcePe6RHNk1WA8+muPa6cSjeR3V8K27q9BB1rTE3R1p7Hv0z1ZyAc8s6Vvv8DIyWf681MAt0w==

vite@^2.5.10, vite@^2.8.0:
  version "2.8.1"
  resolved "https://registry.npmmirror.com/vite/-/vite-2.8.1.tgz"
  integrity sha512-Typ8qjUnW0p53gBsJpisrKcZlEbUPZATja9BG6Z09QZjg9YrnEn/htkr/VH4WhnH7eNUQeSD+wKI1lHzQRWskw==
  dependencies:
    esbuild "^0.14.14"
    postcss "^8.4.6"
    resolve "^1.22.0"
    rollup "^2.59.0"
  optionalDependencies:
    fsevents "~2.3.2"

vue-router@4:
  version "4.0.12"
  resolved "https://registry.npmmirror.com/vue-router/-/vue-router-4.0.12.tgz"
  integrity sha512-CPXvfqe+mZLB1kBWssssTiWg4EQERyqJZes7USiqfW9B5N2x+nHlnsM1D3b5CaJ6qgCvMmYJnz+G0iWjNCvXrg==
  dependencies:
    "@vue/devtools-api" "^6.0.0-beta.18"

vue@^3.0.0, vue@^3.2.25, vue@3.2.31:
  version "3.2.31"
  resolved "https://registry.npmmirror.com/vue/-/vue-3.2.31.tgz"
  integrity sha512-odT3W2tcffTiQCy57nOT93INw1auq5lYLLYtWpPYQQYQOOdHiqFct9Xhna6GJ+pJQaF67yZABraH47oywkJgFw==
  dependencies:
    "@vue/compiler-dom" "3.2.31"
    "@vue/compiler-sfc" "3.2.31"
    "@vue/runtime-dom" "3.2.31"
    "@vue/server-renderer" "3.2.31"
    "@vue/shared" "3.2.31"
